
Microsoft Visual Studio Solution File, Format Version 12.00
# Visual Studio Version 16
VisualStudioVersion = 16.0.30330.147
MinimumVisualStudioVersion = 10.0.40219.1
Project("{9A19103F-16F7-4668-BE54-9A1E7A4F7556}") = "CeaserClasses", "CeaserClasses\CeaserClasses.csproj", "{2503B807-6FA3-4E83-ADEF-BB0E9BD1B136}"
EndProject
Project("{9A19103F-16F7-4668-BE54-9A1E7A4F7556}") = "CeasarConsole", "CeasarConsole\CeasarConsole.csproj", "{027657EE-140B-49A8-812D-3FCCD14E507E}"
EndProject
Project("{FAE04EC0-301F-11D3-BF4B-00C04F79EFBC}") = "CeaserClassesTest", "CeaserClassesTest\CeaserClassesTest.csproj", "{D275DDD8-38B0-42CD-840E-9ECCA5FA01B2}"
EndProject
Global
	GlobalSection(SolutionConfigurationPlatforms) = preSolution
		Debug|Any CPU = Debug|Any CPU
		Release|Any CPU = Release|Any CPU
	EndGlobalSection
	GlobalSection(ProjectConfigurationPlatforms) = postSolution
		{2503B807-6FA3-4E83-ADEF-BB0E9BD1B136}.Debug|Any CPU.ActiveCfg = Debug|Any CPU
		{2503B807-6FA3-4E83-ADEF-BB0E9BD1B136}.Debug|Any CPU.Build.0 = Debug|Any CPU
		{2503B807-6FA3-4E83-ADEF-BB0E9BD1B136}.Release|Any CPU.ActiveCfg = Release|Any CPU
		{2503B807-6FA3-4E83-ADEF-BB0E9BD1B136}.Release|Any CPU.Build.0 = Release|Any CPU
		{027657EE-140B-49A8-812D-3FCCD14E507E}.Debug|Any CPU.ActiveCfg = Debug|Any CPU
		{027657EE-140B-49A8-812D-3FCCD14E507E}.Debug|Any CPU.Build.0 = Debug|Any CPU
		{027657EE-140B-49A8-812D-3FCCD14E507E}.Release|Any CPU.ActiveCfg = Release|Any CPU
		{027657EE-140B-49A8-812D-3FCCD14E507E}.Release|Any CPU.Build.0 = Release|Any CPU
		{D275DDD8-38B0-42CD-840E-9ECCA5FA01B2}.Debug|Any CPU.ActiveCfg = Debug|Any CPU
		{D275DDD8-38B0-42CD-840E-9ECCA5FA01B2}.Debug|Any CPU.Build.0 = Debug|Any CPU
		{D275DDD8-38B0-42CD-840E-9ECCA5FA01B2}.Release|Any CPU.ActiveCfg = Release|Any CPU
		{D275DDD8-38B0-42CD-840E-9ECCA5FA01B2}.Release|Any CPU.Build.0 = Release|Any CPU
	EndGlobalSection
	GlobalSection(SolutionProperties) = preSolution
		HideSolutionNode = FALSE
	EndGlobalSection
	GlobalSection(ExtensibilityGlobals) = postSolution
		SolutionGuid = {1F8EA60F-E78C-496B-87B6-189E31FCFC92}
	EndGlobalSection
EndGlobal
