
Microsoft Visual Studio Solution File, Format Version 12.00
# Visual Studio Version 16
VisualStudioVersion = 16.0.30330.147
MinimumVisualStudioVersion = 10.0.40219.1
Project("{FAE04EC0-301F-11D3-BF4B-00C04F79EFBC}") = "CeasarMessage", "CeasarMessage\CeasarMessage.csproj", "{3F7C0019-7066-42C8-8CB8-9F56FBC1E2F1}"
EndProject
Global
	GlobalSection(SolutionConfigurationPlatforms) = preSolution
		Debug|Any CPU = Debug|Any CPU
		Release|Any CPU = Release|Any CPU
	EndGlobalSection
	GlobalSection(ProjectConfigurationPlatforms) = postSolution
		{3F7C0019-7066-42C8-8CB8-9F56FBC1E2F1}.Debug|Any CPU.ActiveCfg = Debug|Any CPU
		{3F7C0019-7066-42C8-8CB8-9F56FBC1E2F1}.Debug|Any CPU.Build.0 = Debug|Any CPU
		{3F7C0019-7066-42C8-8CB8-9F56FBC1E2F1}.Release|Any CPU.ActiveCfg = Release|Any CPU
		{3F7C0019-7066-42C8-8CB8-9F56FBC1E2F1}.Release|Any CPU.Build.0 = Release|Any CPU
	EndGlobalSection
	GlobalSection(SolutionProperties) = preSolution
		HideSolutionNode = FALSE
	EndGlobalSection
	GlobalSection(ExtensibilityGlobals) = postSolution
		SolutionGuid = {1F8EA60F-E78C-496B-87B6-189E31FCFC92}
	EndGlobalSection
EndGlobal
